
Microsoft Visual Studio Solution File, Format Version 12.00
# Visual Studio 15
VisualStudioVersion = 15.0.26730.15
MinimumVisualStudioVersion = 10.0.40219.1
Project("{FAE04EC0-301F-11D3-BF4B-00C04F79EFBC}") = "MegaDesk -4-StuartPennington_HunterOakey", "MegaDesk -4-StuartPennington_HunterOakey\MegaDesk -4-StuartPennington_HunterOakey.csproj", "{74D8AF9E-199D-4B86-B0D7-3F70F49D04BC}"
EndProject
Global
	GlobalSection(SolutionConfigurationPlatforms) = preSolution
		Debug|Any CPU = Debug|Any CPU
		Release|Any CPU = Release|Any CPU
	EndGlobalSection
	GlobalSection(ProjectConfigurationPlatforms) = postSolution
		{74D8AF9E-199D-4B86-B0D7-3F70F49D04BC}.Debug|Any CPU.ActiveCfg = Debug|Any CPU
		{74D8AF9E-199D-4B86-B0D7-3F70F49D04BC}.Debug|Any CPU.Build.0 = Debug|Any CPU
		{74D8AF9E-199D-4B86-B0D7-3F70F49D04BC}.Release|Any CPU.ActiveCfg = Release|Any CPU
		{74D8AF9E-199D-4B86-B0D7-3F70F49D04BC}.Release|Any CPU.Build.0 = Release|Any CPU
	EndGlobalSection
	GlobalSection(SolutionProperties) = preSolution
		HideSolutionNode = FALSE
	EndGlobalSection
	GlobalSection(ExtensibilityGlobals) = postSolution
		SolutionGuid = {A4D75456-627D-41FD-985B-4E4C62B605B2}
	EndGlobalSection
EndGlobal
